// !$*UTF8*$!
{
	archiveVersion = 1;
	classes = {
	};
	objectVersion = 50;
	objects = {

/* Begin PBXBuildFile section */
		8C52C15721F312D400287FA3 /* Assets.xcassets in Resources */ = {isa = PBXBuildFile; fileRef = 8C52C15621F312D400287FA3 /* Assets.xcassets */; };
		8C52C15E21F312D400287FA3 /* TestMessage MessagesExtension.appex in Embed App Extensions */ = {isa = PBXBuildFile; fileRef = 8C52C15D21F312D400287FA3 /* TestMessage MessagesExtension.appex */; settings = {ATTRIBUTES = (RemoveHeadersOnCopy, ); }; };
		8C52C16321F312D400287FA3 /* Messages.framework in Frameworks */ = {isa = PBXBuildFile; fileRef = 8C52C16221F312D400287FA3 /* Messages.framework */; };
		8C52C16621F312D400287FA3 /* MessagesViewController.swift in Sources */ = {isa = PBXBuildFile; fileRef = 8C52C16521F312D400287FA3 /* MessagesViewController.swift */; };
		8C52C16921F312D400287FA3 /* MainInterface.storyboard in Resources */ = {isa = PBXBuildFile; fileRef = 8C52C16721F312D400287FA3 /* MainInterface.storyboard */; };
		8C52C16B21F312D400287FA3 /* Assets.xcassets in Resources */ = {isa = PBXBuildFile; fileRef = 8C52C16A21F312D400287FA3 /* Assets.xcassets */; };
/* End PBXBuildFile section */

/* Begin PBXContainerItemProxy section */
		8C52C15F21F312D400287FA3 /* PBXContainerItemProxy */ = {
			isa = PBXContainerItemProxy;
			containerPortal = 8C52C14D21F312D200287FA3 /* Project object */;
			proxyType = 1;
			remoteGlobalIDString = 8C52C15C21F312D400287FA3;
			remoteInfo = "TestMessage MessagesExtension";
		};
/* End PBXContainerItemProxy section */

/* Begin PBXCopyFilesBuildPhase section */
		8C52C17221F312D400287FA3 /* Embed App Extensions */ = {
			isa = PBXCopyFilesBuildPhase;
			buildActionMask = 2147483647;
			dstPath = "";
			dstSubfolderSpec = 13;
			files = (
				8C52C15E21F312D400287FA3 /* TestMessage MessagesExtension.appex in Embed App Extensions */,
			);
			name = "Embed App Extensions";
			runOnlyForDeploymentPostprocessing = 0;
		};
/* End PBXCopyFilesBuildPhase section */

/* Begin PBXFileReference section */
		8C52C15321F312D200287FA3 /* TestMessage.app */ = {isa = PBXFileReference; explicitFileType = wrapper.application; includeInIndex = 0; path = TestMessage.app; sourceTree = BUILT_PRODUCTS_DIR; };
		8C52C15621F312D400287FA3 /* Assets.xcassets */ = {isa = PBXFileReference; lastKnownFileType = folder.assetcatalog; path = Assets.xcassets; sourceTree = "<group>"; };
		8C52C15821F312D400287FA3 /* Info.plist */ = {isa = PBXFileReference; lastKnownFileType = text.plist.xml; path = Info.plist; sourceTree = "<group>"; };
		8C52C15D21F312D400287FA3 /* TestMessage MessagesExtension.appex */ = {isa = PBXFileReference; explicitFileType = "wrapper.app-extension"; includeInIndex = 0; path = "TestMessage MessagesExtension.appex"; sourceTree = BUILT_PRODUCTS_DIR; };
		8C52C16221F312D400287FA3 /* Messages.framework */ = {isa = PBXFileReference; lastKnownFileType = wrapper.framework; name = Messages.framework; path = System/Library/Frameworks/Messages.framework; sourceTree = SDKROOT; };
		8C52C16521F312D400287FA3 /* MessagesViewController.swift */ = {isa = PBXFileReference; lastKnownFileType = sourcecode.swift; path = MessagesViewController.swift; sourceTree = "<group>"; };
		8C52C16821F312D400287FA3 /* Base */ = {isa = PBXFileReference; lastKnownFileType = file.storyboard; name = Base; path = Base.lproj/MainInterface.storyboard; sourceTree = "<group>"; };
		8C52C16A21F312D400287FA3 /* Assets.xcassets */ = {isa = PBXFileReference; lastKnownFileType = folder.assetcatalog; path = Assets.xcassets; sourceTree = "<group>"; };
		8C52C16C21F312D400287FA3 /* Info.plist */ = {isa = PBXFileReference; lastKnownFileType = text.plist.xml; path = Info.plist; sourceTree = "<group>"; };
/* End PBXFileReference section */

/* Begin PBXFrameworksBuildPhase section */
		8C52C15A21F312D400287FA3 /* Frameworks */ = {
			isa = PBXFrameworksBuildPhase;
			buildActionMask = 2147483647;
			files = (
				8C52C16321F312D400287FA3 /* Messages.framework in Frameworks */,
			);
			runOnlyForDeploymentPostprocessing = 0;
		};
/* End PBXFrameworksBuildPhase section */

/* Begin PBXGroup section */
		8C52C14C21F312D200287FA3 = {
			isa = PBXGroup;
			children = (
				8C52C15521F312D200287FA3 /* TestMessage */,
				8C52C16421F312D400287FA3 /* TestMessage MessagesExtension */,
				8C52C16121F312D400287FA3 /* Frameworks */,
				8C52C15421F312D200287FA3 /* Products */,
			);
			sourceTree = "<group>";
		};
		8C52C15421F312D200287FA3 /* Products */ = {
			isa = PBXGroup;
			children = (
				8C52C15321F312D200287FA3 /* TestMessage.app */,
				8C52C15D21F312D400287FA3 /* TestMessage MessagesExtension.appex */,
			);
			name = Products;
			sourceTree = "<group>";
		};
		8C52C15521F312D200287FA3 /* TestMessage */ = {
			isa = PBXGroup;
			children = (
				8C52C15621F312D400287FA3 /* Assets.xcassets */,
				8C52C15821F312D400287FA3 /* Info.plist */,
			);
			path = TestMessage;
			sourceTree = "<group>";
		};
		8C52C16121F312D400287FA3 /* Frameworks */ = {
			isa = PBXGroup;
			children = (
				8C52C16221F312D400287FA3 /* Messages.framework */,
			);
			name = Frameworks;
			sourceTree = "<group>";
		};
		8C52C16421F312D400287FA3 /* TestMessage MessagesExtension */ = {
			isa = PBXGroup;
			children = (
				8C52C16521F312D400287FA3 /* MessagesViewController.swift */,
				8C52C16721F312D400287FA3 /* MainInterface.storyboard */,
				8C52C16A21F312D400287FA3 /* Assets.xcassets */,
				8C52C16C21F312D400287FA3 /* Info.plist */,
			);
			path = "TestMessage MessagesExtension";
			sourceTree = "<group>";
		};
/* End PBXGroup section */

/* Begin PBXNativeTarget section */
		8C52C15221F312D200287FA3 /* TestMessage */ = {
			isa = PBXNativeTarget;
			buildConfigurationList = 8C52C17321F312D400287FA3 /* Build configuration list for PBXNativeTarget "TestMessage" */;
			buildPhases = (
				8C52C15121F312D200287FA3 /* Resources */,
				8C52C17221F312D400287FA3 /* Embed App Extensions */,
			);
			buildRules = (
			);
			dependencies = (
				8C52C16021F312D400287FA3 /* PBXTargetDependency */,
			);
			name = TestMessage;
			productName = TestMessage;
			productReference = 8C52C15321F312D200287FA3 /* TestMessage.app */;
			productType = "com.apple.product-type.application.messages";
		};
		8C52C15C21F312D400287FA3 /* TestMessage MessagesExtension */ = {
			isa = PBXNativeTarget;
			buildConfigurationList = 8C52C16F21F312D400287FA3 /* Build configuration list for PBXNativeTarget "TestMessage MessagesExtension" */;
			buildPhases = (
				8C52C15921F312D400287FA3 /* Sources */,
				8C52C15A21F312D400287FA3 /* Frameworks */,
				8C52C15B21F312D400287FA3 /* Resources */,
			);
			buildRules = (
			);
			dependencies = (
			);
			name = "TestMessage MessagesExtension";
			productName = "TestMessage MessagesExtension";
			productReference = 8C52C15D21F312D400287FA3 /* TestMessage MessagesExtension.appex */;
			productType = "com.apple.product-type.app-extension.messages";
		};
/* End PBXNativeTarget section */

/* Begin PBXProject section */
		8C52C14D21F312D200287FA3 /* Project object */ = {
			isa = PBXProject;
			attributes = {
				LastSwiftUpdateCheck = 1010;
				LastUpgradeCheck = 1010;
				ORGANIZATIONNAME = me;
				TargetAttributes = {
					8C52C15221F312D200287FA3 = {
						CreatedOnToolsVersion = 10.1;
					};
					8C52C15C21F312D400287FA3 = {
						CreatedOnToolsVersion = 10.1;
					};
				};
			};
			buildConfigurationList = 8C52C15021F312D200287FA3 /* Build configuration list for PBXProject "TestMessage" */;
			compatibilityVersion = "Xcode 9.3";
			developmentRegion = en;
			hasScannedForEncodings = 0;
			knownRegions = (
				en,
				Base,
			);
			mainGroup = 8C52C14C21F312D200287FA3;
			productRefGroup = 8C52C15421F312D200287FA3 /* Products */;
			projectDirPath = "";
			projectRoot = "";
			targets = (
				8C52C15221F312D200287FA3 /* TestMessage */,
				8C52C15C21F312D400287FA3 /* TestMessage MessagesExtension */,
			);
		};
/* End PBXProject section */

/* Begin PBXResourcesBuildPhase section */
		8C52C15121F312D200287FA3 /* Resources */ = {
			isa = PBXResourcesBuildPhase;
			buildActionMask = 2147483647;
			files = (
				8C52C15721F312D400287FA3 /* Assets.xcassets in Resources */,
			);
			runOnlyForDeploymentPostprocessing = 0;
		};
		8C52C15B21F312D400287FA3 /* Resources */ = {
			isa = PBXResourcesBuildPhase;
			buildActionMask = 2147483647;
			files = (
				8C52C16B21F312D400287FA3 /* Assets.xcassets in Resources */,
				8C52C16921F312D400287FA3 /* MainInterface.storyboard in Resources */,
			);
			runOnlyForDeploymentPostprocessing = 0;
		};
/* End PBXResourcesBuildPhase section */

/* Begin PBXSourcesBuildPhase section */
		8C52C15921F312D400287FA3 /* Sources */ = {
			isa = PBXSourcesBuildPhase;
			buildActionMask = 2147483647;
			files = (
				8C52C16621F312D400287FA3 /* MessagesViewController.swift in Sources */,
			);
			runOnlyForDeploymentPostprocessing = 0;
		};
/* End PBXSourcesBuildPhase section */

/* Begin PBXTargetDependency section */
		8C52C16021F312D400287FA3 /* PBXTargetDependency */ = {
			isa = PBXTargetDependency;
			target = 8C52C15C21F312D400287FA3 /* TestMessage MessagesExtension */;
			targetProxy = 8C52C15F21F312D400287FA3 /* PBXContainerItemProxy */;
		};
/* End PBXTargetDependency section */

/* Begin PBXVariantGroup section */
		8C52C16721F312D400287FA3 /* MainInterface.storyboard */ = {
			isa = PBXVariantGroup;
			children = (
				8C52C16821F312D400287FA3 /* Base */,
			);
			name = MainInterface.storyboard;
			sourceTree = "<group>";
		};
/* End PBXVariantGroup section */

/* Begin XCBuildConfiguration section */
		8C52C16D21F312D400287FA3 /* Debug */ = {
			isa = XCBuildConfiguration;
			buildSettings = {
				ALWAYS_SEARCH_USER_PATHS = NO;
				CLANG_ANALYZER_NONNULL = YES;
				CLANG_ANALYZER_NUMBER_OBJECT_CONVERSION = YES_AGGRESSIVE;
				CLANG_CXX_LANGUAGE_STANDARD = "gnu++14";
				CLANG_CXX_LIBRARY = "libc++";
				CLANG_ENABLE_MODULES = YES;
				CLANG_ENABLE_OBJC_ARC = YES;
				CLANG_ENABLE_OBJC_WEAK = YES;
				CLANG_WARN_BLOCK_CAPTURE_AUTORELEASING = YES;
				CLANG_WARN_BOOL_CONVERSION = YES;
				CLANG_WARN_COMMA = YES;
				CLANG_WARN_CONSTANT_CONVERSION = YES;
				CLANG_WARN_DEPRECATED_OBJC_IMPLEMENTATIONS = YES;
				CLANG_WARN_DIRECT_OBJC_ISA_USAGE = YES_ERROR;
				CLANG_WARN_DOCUMENTATION_COMMENTS = YES;
				CLANG_WARN_EMPTY_BODY = YES;
				CLANG_WARN_ENUM_CONVERSION = YES;
				CLANG_WARN_INFINITE_RECURSION = YES;
				CLANG_WARN_INT_CONVERSION = YES;
				CLANG_WARN_NON_LITERAL_NULL_CONVERSION = YES;
				CLANG_WARN_OBJC_IMPLICIT_RETAIN_SELF = YES;
				CLANG_WARN_OBJC_LITERAL_CONVERSION = YES;
				CLANG_WARN_OBJC_ROOT_CLASS = YES_ERROR;
				CLANG_WARN_RANGE_LOOP_ANALYSIS = YES;
				CLANG_WARN_STRICT_PROTOTYPES = YES;
				CLANG_WARN_SUSPICIOUS_MOVE = YES;
				CLANG_WARN_UNGUARDED_AVAILABILITY = YES_AGGRESSIVE;
				CLANG_WARN_UNREACHABLE_CODE = YES;
				CLANG_WARN__DUPLICATE_METHOD_MATCH = YES;
				CODE_SIGN_IDENTITY = "iPhone Developer";
				COPY_PHASE_STRIP = NO;
				DEBUG_INFORMATION_FORMAT = dwarf;
				ENABLE_STRICT_OBJC_MSGSEND = YES;
				ENABLE_TESTABILITY = YES;
				GCC_C_LANGUAGE_STANDARD = gnu11;
				GCC_DYNAMIC_NO_PIC = NO;
				GCC_NO_COMMON_BLOCKS = YES;
				GCC_OPTIMIZATION_LEVEL = 0;
				GCC_PREPROCESSOR_DEFINITIONS = (
					"DEBUG=1",
					"$(inherited)",
				);
				GCC_WARN_64_TO_32_BIT_CONVERSION = YES;
				GCC_WARN_ABOUT_RETURN_TYPE = YES_ERROR;
				GCC_WARN_UNDECLARED_SELECTOR = YES;
				GCC_WARN_UNINITIALIZED_AUTOS = YES_AGGRESSIVE;
				GCC_WARN_UNUSED_FUNCTION = YES;
				GCC_WARN_UNUSED_VARIABLE = YES;
				IPHONEOS_DEPLOYMENT_TARGET = 12.1;
				MTL_ENABLE_DEBUG_INFO = INCLUDE_SOURCE;
				MTL_FAST_MATH = YES;
				ONLY_ACTIVE_ARCH = YES;
				SDKROOT = iphoneos;
				SWIFT_ACTIVE_COMPILATION_CONDITIONS = DEBUG;
				SWIFT_OPTIMIZATION_LEVEL = "-Onone";
			};
			name = Debug;
		};
		8C52C16E21F312D400287FA3 /* Release */ = {
			isa = XCBuildConfiguration;
			buildSettings = {
				ALWAYS_SEARCH_USER_PATHS = NO;
				CLANG_ANALYZER_NONNULL = YES;
				CLANG_ANALYZER_NUMBER_OBJECT_CONVERSION = YES_AGGRESSIVE;
				CLANG_CXX_LANGUAGE_STANDARD = "gnu++14";
				CLANG_CXX_LIBRARY = "libc++";
				CLANG_ENABLE_MODULES = YES;
				CLANG_ENABLE_OBJC_ARC = YES;
				CLANG_ENABLE_OBJC_WEAK = YES;
				CLANG_WARN_BLOCK_CAPTURE_AUTORELEASING = YES;
				CLANG_WARN_BOOL_CONVERSION = YES;
				CLANG_WARN_COMMA = YES;
				CLANG_WARN_CONSTANT_CONVERSION = YES;
				CLANG_WARN_DEPRECATED_OBJC_IMPLEMENTATIONS = YES;
				CLANG_WARN_DIRECT_OBJC_ISA_USAGE = YES_ERROR;
				CLANG_WARN_DOCUMENTATION_COMMENTS = YES;
				CLANG_WARN_EMPTY_BODY = YES;
				CLANG_WARN_ENUM_CONVERSION = YES;
				CLANG_WARN_INFINITE_RECURSION = YES;
				CLANG_WARN_INT_CONVERSION = YES;
				CLANG_WARN_NON_LITERAL_NULL_CONVERSION = YES;
				CLANG_WARN_OBJC_IMPLICIT_RETAIN_SELF = YES;
				CLANG_WARN_OBJC_LITERAL_CONVERSION = YES;
				CLANG_WARN_OBJC_ROOT_CLASS = YES_ERROR;
				CLANG_WARN_RANGE_LOOP_ANALYSIS = YES;
				CLANG_WARN_STRICT_PROTOTYPES = YES;
				CLANG_WARN_SUSPICIOUS_MOVE = YES;
				CLANG_WARN_UNGUARDED_AVAILABILITY = YES_AGGRESSIVE;
				CLANG_WARN_UNREACHABLE_CODE = YES;
				CLANG_WARN__DUPLICATE_METHOD_MATCH = YES;
				CODE_SIGN_IDENTITY = "iPhone Developer";
				COPY_PHASE_STRIP = NO;
				DEBUG_INFORMATION_FORMAT = "dwarf-with-dsym";
				ENABLE_NS_ASSERTIONS = NO;
				ENABLE_STRICT_OBJC_MSGSEND = YES;
				GCC_C_LANGUAGE_STANDARD = gnu11;
				GCC_NO_COMMON_BLOCKS = YES;
				GCC_WARN_64_TO_32_BIT_CONVERSION = YES;
				GCC_WARN_ABOUT_RETURN_TYPE = YES_ERROR;
				GCC_WARN_UNDECLARED_SELECTOR = YES;
				GCC_WARN_UNINITIALIZED_AUTOS = YES_AGGRESSIVE;
				GCC_WARN_UNUSED_FUNCTION = YES;
				GCC_WARN_UNUSED_VARIABLE = YES;
				IPHONEOS_DEPLOYMENT_TARGET = 12.1;
				MTL_ENABLE_DEBUG_INFO = NO;
				MTL_FAST_MATH = YES;
				SDKROOT = iphoneos;
				SWIFT_COMPILATION_MODE = wholemodule;
				SWIFT_OPTIMIZATION_LEVEL = "-O";
				VALIDATE_PRODUCT = YES;
			};
			name = Release;
		};
		8C52C17021F312D400287FA3 /* Debug */ = {
			isa = XCBuildConfiguration;
			buildSettings = {
				ASSETCATALOG_COMPILER_APPICON_NAME = "iMessage App Icon";
				CODE_SIGN_STYLE = Automatic;
				DEVELOPMENT_TEAM = 3VW9ZMYGC7;
				INFOPLIST_FILE = "TestMessage MessagesExtension/Info.plist";
				LD_RUNPATH_SEARCH_PATHS = (
					"$(inherited)",
					"@executable_path/Frameworks",
					"@executable_path/../../Frameworks",
				);
				PRODUCT_BUNDLE_IDENTIFIER = me.TestMessage.MessagesExtension;
				PRODUCT_NAME = "$(TARGET_NAME)";
				SKIP_INSTALL = YES;
				SWIFT_VERSION = 4.2;
				TARGETED_DEVICE_FAMILY = "1,2";
			};
			name = Debug;
		};
		8C52C17121F312D400287FA3 /* Release */ = {
			isa = XCBuildConfiguration;
			buildSettings = {
				ASSETCATALOG_COMPILER_APPICON_NAME = "iMessage App Icon";
				CODE_SIGN_STYLE = Automatic;
				DEVELOPMENT_TEAM = 3VW9ZMYGC7;
				INFOPLIST_FILE = "TestMessage MessagesExtension/Info.plist";
				LD_RUNPATH_SEARCH_PATHS = (
					"$(inherited)",
					"@executable_path/Frameworks",
					"@executable_path/../../Frameworks",
				);
				PRODUCT_BUNDLE_IDENTIFIER = me.TestMessage.MessagesExtension;
				PRODUCT_NAME = "$(TARGET_NAME)";
				SKIP_INSTALL = YES;
				SWIFT_VERSION = 4.2;
				TARGETED_DEVICE_FAMILY = "1,2";
			};
			name = Release;
		};
		8C52C17421F312D400287FA3 /* Debug */ = {
			isa = XCBuildConfiguration;
			buildSettings = {
				ALWAYS_EMBED_SWIFT_STANDARD_LIBRARIES = YES;
				ASSETCATALOG_COMPILER_APPICON_NAME = AppIcon;
				CODE_SIGN_STYLE = Automatic;
				DEVELOPMENT_TEAM = 3VW9ZMYGC7;
				INFOPLIST_FILE = TestMessage/Info.plist;
				PRODUCT_BUNDLE_IDENTIFIER = me.TestMessage;
				PRODUCT_NAME = "$(TARGET_NAME)";
				SWIFT_VERSION = 4.2;
				TARGETED_DEVICE_FAMILY = "1,2";
			};
			name = Debug;
		};
		8C52C17521F312D400287FA3 /* Release */ = {
			isa = XCBuildConfiguration;
			buildSettings = {
				ALWAYS_EMBED_SWIFT_STANDARD_LIBRARIES = YES;
				ASSETCATALOG_COMPILER_APPICON_NAME = AppIcon;
				CODE_SIGN_STYLE = Automatic;
				DEVELOPMENT_TEAM = 3VW9ZMYGC7;
				INFOPLIST_FILE = TestMessage/Info.plist;
				PRODUCT_BUNDLE_IDENTIFIER = me.TestMessage;
				PRODUCT_NAME = "$(TARGET_NAME)";
				SWIFT_VERSION = 4.2;
				TARGETED_DEVICE_FAMILY = "1,2";
			};
			name = Release;
		};
/* End XCBuildConfiguration section */

/* Begin XCConfigurationList section */
		8C52C15021F312D200287FA3 /* Build configuration list for PBXProject "TestMessage" */ = {
			isa = XCConfigurationList;
			buildConfigurations = (
				8C52C16D21F312D400287FA3 /* Debug */,
				8C52C16E21F312D400287FA3 /* Release */,
			);
			defaultConfigurationIsVisible = 0;
			defaultConfigurationName = Release;
		};
		8C52C16F21F312D400287FA3 /* Build configuration list for PBXNativeTarget "TestMessage MessagesExtension" */ = {
			isa = XCConfigurationList;
			buildConfigurations = (
				8C52C17021F312D400287FA3 /* Debug */,
				8C52C17121F312D400287FA3 /* Release */,
			);
			defaultConfigurationIsVisible = 0;
			defaultConfigurationName = Release;
		};
		8C52C17321F312D400287FA3 /* Build configuration list for PBXNativeTarget "TestMessage" */ = {
			isa = XCConfigurationList;
			buildConfigurations = (
				8C52C17421F312D400287FA3 /* Debug */,
				8C52C17521F312D400287FA3 /* Release */,
			);
			defaultConfigurationIsVisible = 0;
			defaultConfigurationName = Release;
		};
/* End XCConfigurationList section */
	};
	rootObject = 8C52C14D21F312D200287FA3 /* Project object */;
}
